
Microsoft Visual Studio Solution File, Format Version 12.00
# Visual Studio 15
VisualStudioVersion = 15.0.28307.421
MinimumVisualStudioVersion = 10.0.40219.1
Project("{FAE04EC0-301F-11D3-BF4B-00C04F79EFBC}") = "Steadman", "Steadman\Steadman.csproj", "{795F2C79-A845-4720-AD37-F66EEFAD28BF}"
EndProject
Global
	GlobalSection(SolutionConfigurationPlatforms) = preSolution
		Debug|Any CPU = Debug|Any CPU
		Release|Any CPU = Release|Any CPU
	EndGlobalSection
	GlobalSection(ProjectConfigurationPlatforms) = postSolution
		{795F2C79-A845-4720-AD37-F66EEFAD28BF}.Debug|Any CPU.ActiveCfg = Debug|Any CPU
		{795F2C79-A845-4720-AD37-F66EEFAD28BF}.Debug|Any CPU.Build.0 = Debug|Any CPU
		{795F2C79-A845-4720-AD37-F66EEFAD28BF}.Release|Any CPU.ActiveCfg = Release|Any CPU
		{795F2C79-A845-4720-AD37-F66EEFAD28BF}.Release|Any CPU.Build.0 = Release|Any CPU
	EndGlobalSection
	GlobalSection(SolutionProperties) = preSolution
		HideSolutionNode = FALSE
	EndGlobalSection
	GlobalSection(ExtensibilityGlobals) = postSolution
		SolutionGuid = {BAD51D41-400C-4BBE-8DF4-555ADC87E914}
	EndGlobalSection
EndGlobal
